
Microsoft Visual Studio Solution File, Format Version 12.00
# Visual Studio Version 16
VisualStudioVersion = 16.0.31911.196
MinimumVisualStudioVersion = 10.0.40219.1
Project("{9A19103F-16F7-4668-BE54-9A1E7A4F7556}") = "LibraryJeuDeRole", "LibraryJeuDeRole.csproj", "{4A2B4EF4-7ABB-4520-90E7-4B9CD9EBF659}"
EndProject
Project("{FAE04EC0-301F-11D3-BF4B-00C04F79EFBC}") = "Test", "..\Test\Test.csproj", "{83585872-54AE-4EBC-A6EF-1DFCE7152343}"
EndProject
Global
	GlobalSection(SolutionConfigurationPlatforms) = preSolution
		Debug|Any CPU = Debug|Any CPU
		Debug|x64 = Debug|x64
		Release|Any CPU = Release|Any CPU
		Release|x64 = Release|x64
	EndGlobalSection
	GlobalSection(ProjectConfigurationPlatforms) = postSolution
		{4A2B4EF4-7ABB-4520-90E7-4B9CD9EBF659}.Debug|Any CPU.ActiveCfg = Debug|Any CPU
		{4A2B4EF4-7ABB-4520-90E7-4B9CD9EBF659}.Debug|Any CPU.Build.0 = Debug|Any CPU
		{4A2B4EF4-7ABB-4520-90E7-4B9CD9EBF659}.Debug|x64.ActiveCfg = Debug|Any CPU
		{4A2B4EF4-7ABB-4520-90E7-4B9CD9EBF659}.Debug|x64.Build.0 = Debug|Any CPU
		{4A2B4EF4-7ABB-4520-90E7-4B9CD9EBF659}.Release|Any CPU.ActiveCfg = Release|Any CPU
		{4A2B4EF4-7ABB-4520-90E7-4B9CD9EBF659}.Release|Any CPU.Build.0 = Release|Any CPU
		{4A2B4EF4-7ABB-4520-90E7-4B9CD9EBF659}.Release|x64.ActiveCfg = Release|Any CPU
		{4A2B4EF4-7ABB-4520-90E7-4B9CD9EBF659}.Release|x64.Build.0 = Release|Any CPU
		{83585872-54AE-4EBC-A6EF-1DFCE7152343}.Debug|Any CPU.ActiveCfg = Debug|Any CPU
		{83585872-54AE-4EBC-A6EF-1DFCE7152343}.Debug|Any CPU.Build.0 = Debug|Any CPU
		{83585872-54AE-4EBC-A6EF-1DFCE7152343}.Debug|x64.ActiveCfg = Debug|x64
		{83585872-54AE-4EBC-A6EF-1DFCE7152343}.Debug|x64.Build.0 = Debug|x64
		{83585872-54AE-4EBC-A6EF-1DFCE7152343}.Release|Any CPU.ActiveCfg = Release|Any CPU
		{83585872-54AE-4EBC-A6EF-1DFCE7152343}.Release|Any CPU.Build.0 = Release|Any CPU
		{83585872-54AE-4EBC-A6EF-1DFCE7152343}.Release|x64.ActiveCfg = Release|x64
		{83585872-54AE-4EBC-A6EF-1DFCE7152343}.Release|x64.Build.0 = Release|x64
	EndGlobalSection
	GlobalSection(SolutionProperties) = preSolution
		HideSolutionNode = FALSE
	EndGlobalSection
	GlobalSection(ExtensibilityGlobals) = postSolution
		SolutionGuid = {774E7D93-6E2E-43F2-8D71-F5788805B015}
	EndGlobalSection
EndGlobal
